
Microsoft Visual Studio Solution File, Format Version 12.00
# Visual Studio Version 16
VisualStudioVersion = 16.0.33529.622
MinimumVisualStudioVersion = 10.0.40219.1
Project("{FAE04EC0-301F-11D3-BF4B-00C04F79EFBC}") = "XYZPrimarySchoolCMPG311GroupProject", "XYZPrimarySchoolCMPG311GroupProject\XYZPrimarySchoolCMPG311GroupProject.csproj", "{AC0EB065-6122-4908-89C7-461B84F542F9}"
EndProject
Global
	GlobalSection(SolutionConfigurationPlatforms) = preSolution
		Debug|Any CPU = Debug|Any CPU
		Debug|x86 = Debug|x86
		Release|Any CPU = Release|Any CPU
		Release|x86 = Release|x86
	EndGlobalSection
	GlobalSection(ProjectConfigurationPlatforms) = postSolution
		{AC0EB065-6122-4908-89C7-461B84F542F9}.Debug|Any CPU.ActiveCfg = Debug|Any CPU
		{AC0EB065-6122-4908-89C7-461B84F542F9}.Debug|Any CPU.Build.0 = Debug|Any CPU
		{AC0EB065-6122-4908-89C7-461B84F542F9}.Debug|x86.ActiveCfg = Debug|x86
		{AC0EB065-6122-4908-89C7-461B84F542F9}.Debug|x86.Build.0 = Debug|x86
		{AC0EB065-6122-4908-89C7-461B84F542F9}.Release|Any CPU.ActiveCfg = Release|Any CPU
		{AC0EB065-6122-4908-89C7-461B84F542F9}.Release|Any CPU.Build.0 = Release|Any CPU
		{AC0EB065-6122-4908-89C7-461B84F542F9}.Release|x86.ActiveCfg = Release|x86
		{AC0EB065-6122-4908-89C7-461B84F542F9}.Release|x86.Build.0 = Release|x86
	EndGlobalSection
	GlobalSection(SolutionProperties) = preSolution
		HideSolutionNode = FALSE
	EndGlobalSection
	GlobalSection(ExtensibilityGlobals) = postSolution
		SolutionGuid = {6D973C3B-C499-41C5-9C46-FB051A4772E5}
	EndGlobalSection
EndGlobal
